
Microsoft Visual Studio Solution File, Format Version 12.00
# Visual Studio Version 17
VisualStudioVersion = 17.14.36310.24
MinimumVisualStudioVersion = 10.0.40219.1
Project("{FAE04EC0-301F-11D3-BF4B-00C04F79EFBC}") = "CompanyEmployees", "CompanyEmployees\CompanyEmployees.csproj", "{CD515DA0-EADE-4B7A-8604-E33ABB3C5229}"
EndProject
Project("{FAE04EC0-301F-11D3-BF4B-00C04F79EFBC}") = "Contracts", "Contracts\Contracts.csproj", "{85A31672-65A6-4EBA-959A-A24F99FBC39E}"
EndProject
Project("{FAE04EC0-301F-11D3-BF4B-00C04F79EFBC}") = "LoggerService", "LoggerService\LoggerService.csproj", "{A6E6477A-D4D5-4D50-AD8B-9EEC6B7BAE63}"
EndProject
Project("{2150E333-8FDC-42A3-9474-1A3956D46DE8}") = "Solution Items", "Solution Items", "{8EC462FD-D22E-90A8-E5CE-7E832BA40C5D}"
	ProjectSection(SolutionItems) = preProject
		.gitignore = .gitignore
	EndProjectSection
EndProject
Project("{FAE04EC0-301F-11D3-BF4B-00C04F79EFBC}") = "Entities", "Entities\Entities.csproj", "{9A3EF8DB-2DA3-47D2-8077-F70DF1BEB7E1}"
EndProject
Project("{FAE04EC0-301F-11D3-BF4B-00C04F79EFBC}") = "Repository", "Repository\Repository.csproj", "{D2E93CE5-4676-4011-BF70-6CD0CDF06C63}"
EndProject
Project("{FAE04EC0-301F-11D3-BF4B-00C04F79EFBC}") = "Service.Contracts", "Service.Contracts\Service.Contracts.csproj", "{EF5DB0F1-3273-4C2E-A5D8-F34F12E2F144}"
EndProject
Project("{FAE04EC0-301F-11D3-BF4B-00C04F79EFBC}") = "Service", "Service\Service.csproj", "{788C4F34-F2C7-45CC-AF78-55A4055206FC}"
EndProject
Project("{FAE04EC0-301F-11D3-BF4B-00C04F79EFBC}") = "CompanyEmployees.Presentation", "CompanyEmployees.Presentation\CompanyEmployees.Presentation.csproj", "{C2748043-8847-4283-9E5C-00934A1F5346}"
EndProject
Global
	GlobalSection(SolutionConfigurationPlatforms) = preSolution
		Debug|Any CPU = Debug|Any CPU
		Release|Any CPU = Release|Any CPU
	EndGlobalSection
	GlobalSection(ProjectConfigurationPlatforms) = postSolution
		{CD515DA0-EADE-4B7A-8604-E33ABB3C5229}.Debug|Any CPU.ActiveCfg = Debug|Any CPU
		{CD515DA0-EADE-4B7A-8604-E33ABB3C5229}.Debug|Any CPU.Build.0 = Debug|Any CPU
		{CD515DA0-EADE-4B7A-8604-E33ABB3C5229}.Release|Any CPU.ActiveCfg = Release|Any CPU
		{CD515DA0-EADE-4B7A-8604-E33ABB3C5229}.Release|Any CPU.Build.0 = Release|Any CPU
		{85A31672-65A6-4EBA-959A-A24F99FBC39E}.Debug|Any CPU.ActiveCfg = Debug|Any CPU
		{85A31672-65A6-4EBA-959A-A24F99FBC39E}.Debug|Any CPU.Build.0 = Debug|Any CPU
		{85A31672-65A6-4EBA-959A-A24F99FBC39E}.Release|Any CPU.ActiveCfg = Release|Any CPU
		{85A31672-65A6-4EBA-959A-A24F99FBC39E}.Release|Any CPU.Build.0 = Release|Any CPU
		{A6E6477A-D4D5-4D50-AD8B-9EEC6B7BAE63}.Debug|Any CPU.ActiveCfg = Debug|Any CPU
		{A6E6477A-D4D5-4D50-AD8B-9EEC6B7BAE63}.Debug|Any CPU.Build.0 = Debug|Any CPU
		{A6E6477A-D4D5-4D50-AD8B-9EEC6B7BAE63}.Release|Any CPU.ActiveCfg = Release|Any CPU
		{A6E6477A-D4D5-4D50-AD8B-9EEC6B7BAE63}.Release|Any CPU.Build.0 = Release|Any CPU
		{9A3EF8DB-2DA3-47D2-8077-F70DF1BEB7E1}.Debug|Any CPU.ActiveCfg = Debug|Any CPU
		{9A3EF8DB-2DA3-47D2-8077-F70DF1BEB7E1}.Debug|Any CPU.Build.0 = Debug|Any CPU
		{9A3EF8DB-2DA3-47D2-8077-F70DF1BEB7E1}.Release|Any CPU.ActiveCfg = Release|Any CPU
		{9A3EF8DB-2DA3-47D2-8077-F70DF1BEB7E1}.Release|Any CPU.Build.0 = Release|Any CPU
		{D2E93CE5-4676-4011-BF70-6CD0CDF06C63}.Debug|Any CPU.ActiveCfg = Debug|Any CPU
		{D2E93CE5-4676-4011-BF70-6CD0CDF06C63}.Debug|Any CPU.Build.0 = Debug|Any CPU
		{D2E93CE5-4676-4011-BF70-6CD0CDF06C63}.Release|Any CPU.ActiveCfg = Release|Any CPU
		{D2E93CE5-4676-4011-BF70-6CD0CDF06C63}.Release|Any CPU.Build.0 = Release|Any CPU
		{EF5DB0F1-3273-4C2E-A5D8-F34F12E2F144}.Debug|Any CPU.ActiveCfg = Debug|Any CPU
		{EF5DB0F1-3273-4C2E-A5D8-F34F12E2F144}.Debug|Any CPU.Build.0 = Debug|Any CPU
		{EF5DB0F1-3273-4C2E-A5D8-F34F12E2F144}.Release|Any CPU.ActiveCfg = Release|Any CPU
		{EF5DB0F1-3273-4C2E-A5D8-F34F12E2F144}.Release|Any CPU.Build.0 = Release|Any CPU
		{788C4F34-F2C7-45CC-AF78-55A4055206FC}.Debug|Any CPU.ActiveCfg = Debug|Any CPU
		{788C4F34-F2C7-45CC-AF78-55A4055206FC}.Debug|Any CPU.Build.0 = Debug|Any CPU
		{788C4F34-F2C7-45CC-AF78-55A4055206FC}.Release|Any CPU.ActiveCfg = Release|Any CPU
		{788C4F34-F2C7-45CC-AF78-55A4055206FC}.Release|Any CPU.Build.0 = Release|Any CPU
		{C2748043-8847-4283-9E5C-00934A1F5346}.Debug|Any CPU.ActiveCfg = Debug|Any CPU
		{C2748043-8847-4283-9E5C-00934A1F5346}.Debug|Any CPU.Build.0 = Debug|Any CPU
		{C2748043-8847-4283-9E5C-00934A1F5346}.Release|Any CPU.ActiveCfg = Release|Any CPU
		{C2748043-8847-4283-9E5C-00934A1F5346}.Release|Any CPU.Build.0 = Release|Any CPU
	EndGlobalSection
	GlobalSection(SolutionProperties) = preSolution
		HideSolutionNode = FALSE
	EndGlobalSection
	GlobalSection(ExtensibilityGlobals) = postSolution
		SolutionGuid = {B2A6173D-A58E-4546-8112-BBAEFE7C170C}
	EndGlobalSection
EndGlobal
